// !$*UTF8*$!
{
	archiveVersion = 1;
	classes = {
	};
	objectVersion = 46;
	objects = {

/* Begin PBXBuildFile section */
		8FC187AE1CD046BB00717033 /* main.m in Sources */ = {isa = PBXBuildFile; fileRef = 8FC187AD1CD046BB00717033 /* main.m */; };
		8FC187B11CD046BB00717033 /* AppDelegate.m in Sources */ = {isa = PBXBuildFile; fileRef = 8FC187B01CD046BB00717033 /* AppDelegate.m */; };
		8FC187B41CD046BB00717033 /* ViewController.m in Sources */ = {isa = PBXBuildFile; fileRef = 8FC187B31CD046BB00717033 /* ViewController.m */; };
		8FC187B71CD046BB00717033 /* Main.storyboard in Resources */ = {isa = PBXBuildFile; fileRef = 8FC187B51CD046BB00717033 /* Main.storyboard */; };
		8FC187B91CD046BB00717033 /* Assets.xcassets in Resources */ = {isa = PBXBuildFile; fileRef = 8FC187B81CD046BB00717033 /* Assets.xcassets */; };
		8FC187BC1CD046BB00717033 /* LaunchScreen.storyboard in Resources */ = {isa = PBXBuildFile; fileRef = 8FC187BA1CD046BB00717033 /* LaunchScreen.storyboard */; };
		8FC187C61CD04A7800717033 /* BulletView.m in Sources */ = {isa = PBXBuildFile; fileRef = 8FC187C51CD04A7800717033 /* BulletView.m */; };
		8FC187CC1CD0700C00717033 /* BulletGroupView.m in Sources */ = {isa = PBXBuildFile; fileRef = 8FC187CB1CD0700C00717033 /* BulletGroupView.m */; };
/* End PBXBuildFile section */

/* Begin PBXFileReference section */
		8FC187A91CD046BB00717033 /* BulletForIOS.app */ = {isa = PBXFileReference; explicitFileType = wrapper.application; includeInIndex = 0; path = BulletForIOS.app; sourceTree = BUILT_PRODUCTS_DIR; };
		8FC187AD1CD046BB00717033 /* main.m */ = {isa = PBXFileReference; lastKnownFileType = sourcecode.c.objc; path = main.m; sourceTree = "<group>"; };
		8FC187AF1CD046BB00717033 /* AppDelegate.h */ = {isa = PBXFileReference; lastKnownFileType = sourcecode.c.h; path = AppDelegate.h; sourceTree = "<group>"; };
		8FC187B01CD046BB00717033 /* AppDelegate.m */ = {isa = PBXFileReference; lastKnownFileType = sourcecode.c.objc; path = AppDelegate.m; sourceTree = "<group>"; };
		8FC187B21CD046BB00717033 /* ViewController.h */ = {isa = PBXFileReference; lastKnownFileType = sourcecode.c.h; path = ViewController.h; sourceTree = "<group>"; };
		8FC187B31CD046BB00717033 /* ViewController.m */ = {isa = PBXFileReference; lastKnownFileType = sourcecode.c.objc; path = ViewController.m; sourceTree = "<group>"; };
		8FC187B61CD046BB00717033 /* Base */ = {isa = PBXFileReference; lastKnownFileType = file.storyboard; name = Base; path = Base.lproj/Main.storyboard; sourceTree = "<group>"; };
		8FC187B81CD046BB00717033 /* Assets.xcassets */ = {isa = PBXFileReference; lastKnownFileType = folder.assetcatalog; path = Assets.xcassets; sourceTree = "<group>"; };
		8FC187BB1CD046BB00717033 /* Base */ = {isa = PBXFileReference; lastKnownFileType = file.storyboard; name = Base; path = Base.lproj/LaunchScreen.storyboard; sourceTree = "<group>"; };
		8FC187BD1CD046BB00717033 /* Info.plist */ = {isa = PBXFileReference; lastKnownFileType = text.plist.xml; path = Info.plist; sourceTree = "<group>"; };
		8FC187C41CD04A7800717033 /* BulletView.h */ = {isa = PBXFileReference; fileEncoding = 4; lastKnownFileType = sourcecode.c.h; path = BulletView.h; sourceTree = "<group>"; };
		8FC187C51CD04A7800717033 /* BulletView.m */ = {isa = PBXFileReference; fileEncoding = 4; lastKnownFileType = sourcecode.c.objc; path = BulletView.m; sourceTree = "<group>"; };
		8FC187CA1CD0700C00717033 /* BulletGroupView.h */ = {isa = PBXFileReference; fileEncoding = 4; lastKnownFileType = sourcecode.c.h; path = BulletGroupView.h; sourceTree = "<group>"; };
		8FC187CB1CD0700C00717033 /* BulletGroupView.m */ = {isa = PBXFileReference; fileEncoding = 4; lastKnownFileType = sourcecode.c.objc; path = BulletGroupView.m; sourceTree = "<group>"; };
/* End PBXFileReference section */

/* Begin PBXFrameworksBuildPhase section */
		8FC187A61CD046BB00717033 /* Frameworks */ = {
			isa = PBXFrameworksBuildPhase;
			buildActionMask = 2147483647;
			files = (
			);
			runOnlyForDeploymentPostprocessing = 0;
		};
/* End PBXFrameworksBuildPhase section */

/* Begin PBXGroup section */
		8FC187A01CD046BB00717033 = {
			isa = PBXGroup;
			children = (
				8FC187AB1CD046BB00717033 /* BulletForIOS */,
				8FC187AA1CD046BB00717033 /* Products */,
			);
			sourceTree = "<group>";
		};
		8FC187AA1CD046BB00717033 /* Products */ = {
			isa = PBXGroup;
			children = (
				8FC187A91CD046BB00717033 /* BulletForIOS.app */,
			);
			name = Products;
			sourceTree = "<group>";
		};
		8FC187AB1CD046BB00717033 /* BulletForIOS */ = {
			isa = PBXGroup;
			children = (
				8FC187AF1CD046BB00717033 /* AppDelegate.h */,
				8FC187B01CD046BB00717033 /* AppDelegate.m */,
				8FC187B21CD046BB00717033 /* ViewController.h */,
				8FC187B31CD046BB00717033 /* ViewController.m */,
				8FC187C31CD04A5500717033 /* Bullet */,
				8FC187B51CD046BB00717033 /* Main.storyboard */,
				8FC187B81CD046BB00717033 /* Assets.xcassets */,
				8FC187BA1CD046BB00717033 /* LaunchScreen.storyboard */,
				8FC187BD1CD046BB00717033 /* Info.plist */,
				8FC187AC1CD046BB00717033 /* Supporting Files */,
			);
			path = BulletForIOS;
			sourceTree = "<group>";
		};
		8FC187AC1CD046BB00717033 /* Supporting Files */ = {
			isa = PBXGroup;
			children = (
				8FC187AD1CD046BB00717033 /* main.m */,
			);
			name = "Supporting Files";
			sourceTree = "<group>";
		};
		8FC187C31CD04A5500717033 /* Bullet */ = {
			isa = PBXGroup;
			children = (
				8FC187CA1CD0700C00717033 /* BulletGroupView.h */,
				8FC187CB1CD0700C00717033 /* BulletGroupView.m */,
				8FC187C41CD04A7800717033 /* BulletView.h */,
				8FC187C51CD04A7800717033 /* BulletView.m */,
			);
			path = Bullet;
			sourceTree = SOURCE_ROOT;
		};
/* End PBXGroup section */

/* Begin PBXNativeTarget section */
		8FC187A81CD046BB00717033 /* BulletForIOS */ = {
			isa = PBXNativeTarget;
			buildConfigurationList = 8FC187C01CD046BB00717033 /* Build configuration list for PBXNativeTarget "BulletForIOS" */;
			buildPhases = (
				8FC187A51CD046BB00717033 /* Sources */,
				8FC187A61CD046BB00717033 /* Frameworks */,
				8FC187A71CD046BB00717033 /* Resources */,
			);
			buildRules = (
			);
			dependencies = (
			);
			name = BulletForIOS;
			productName = BulletForIOS;
			productReference = 8FC187A91CD046BB00717033 /* BulletForIOS.app */;
			productType = "com.apple.product-type.application";
		};
/* End PBXNativeTarget section */

/* Begin PBXProject section */
		8FC187A11CD046BB00717033 /* Project object */ = {
			isa = PBXProject;
			attributes = {
				LastUpgradeCheck = 0720;
				ORGANIZATIONNAME = Risun;
				TargetAttributes = {
					8FC187A81CD046BB00717033 = {
						CreatedOnToolsVersion = 7.2.1;
					};
				};
			};
			buildConfigurationList = 8FC187A41CD046BB00717033 /* Build configuration list for PBXProject "BulletForIOS" */;
			compatibilityVersion = "Xcode 3.2";
			developmentRegion = English;
			hasScannedForEncodings = 0;
			knownRegions = (
				en,
				Base,
			);
			mainGroup = 8FC187A01CD046BB00717033;
			productRefGroup = 8FC187AA1CD046BB00717033 /* Products */;
			projectDirPath = "";
			projectRoot = "";
			targets = (
				8FC187A81CD046BB00717033 /* BulletForIOS */,
			);
		};
/* End PBXProject section */

/* Begin PBXResourcesBuildPhase section */
		8FC187A71CD046BB00717033 /* Resources */ = {
			isa = PBXResourcesBuildPhase;
			buildActionMask = 2147483647;
			files = (
				8FC187BC1CD046BB00717033 /* LaunchScreen.storyboard in Resources */,
				8FC187B91CD046BB00717033 /* Assets.xcassets in Resources */,
				8FC187B71CD046BB00717033 /* Main.storyboard in Resources */,
			);
			runOnlyForDeploymentPostprocessing = 0;
		};
/* End PBXResourcesBuildPhase section */

/* Begin PBXSourcesBuildPhase section */
		8FC187A51CD046BB00717033 /* Sources */ = {
			isa = PBXSourcesBuildPhase;
			buildActionMask = 2147483647;
			files = (
				8FC187CC1CD0700C00717033 /* BulletGroupView.m in Sources */,
				8FC187B41CD046BB00717033 /* ViewController.m in Sources */,
				8FC187B11CD046BB00717033 /* AppDelegate.m in Sources */,
				8FC187C61CD04A7800717033 /* BulletView.m in Sources */,
				8FC187AE1CD046BB00717033 /* main.m in Sources */,
			);
			runOnlyForDeploymentPostprocessing = 0;
		};
/* End PBXSourcesBuildPhase section */

/* Begin PBXVariantGroup section */
		8FC187B51CD046BB00717033 /* Main.storyboard */ = {
			isa = PBXVariantGroup;
			children = (
				8FC187B61CD046BB00717033 /* Base */,
			);
			name = Main.storyboard;
			sourceTree = "<group>";
		};
		8FC187BA1CD046BB00717033 /* LaunchScreen.storyboard */ = {
			isa = PBXVariantGroup;
			children = (
				8FC187BB1CD046BB00717033 /* Base */,
			);
			name = LaunchScreen.storyboard;
			sourceTree = "<group>";
		};
/* End PBXVariantGroup section */

/* Begin XCBuildConfiguration section */
		8FC187BE1CD046BB00717033 /* Debug */ = {
			isa = XCBuildConfiguration;
			buildSettings = {
				ALWAYS_SEARCH_USER_PATHS = NO;
				CLANG_CXX_LANGUAGE_STANDARD = "gnu++0x";
				CLANG_CXX_LIBRARY = "libc++";
				CLANG_ENABLE_MODULES = YES;
				CLANG_ENABLE_OBJC_ARC = YES;
				CLANG_WARN_BOOL_CONVERSION = YES;
				CLANG_WARN_CONSTANT_CONVERSION = YES;
				CLANG_WARN_DIRECT_OBJC_ISA_USAGE = YES_ERROR;
				CLANG_WARN_EMPTY_BODY = YES;
				CLANG_WARN_ENUM_CONVERSION = YES;
				CLANG_WARN_INT_CONVERSION = YES;
				CLANG_WARN_OBJC_ROOT_CLASS = YES_ERROR;
				CLANG_WARN_UNREACHABLE_CODE = YES;
				CLANG_WARN__DUPLICATE_METHOD_MATCH = YES;
				"CODE_SIGN_IDENTITY[sdk=iphoneos*]" = "iPhone Developer";
				COPY_PHASE_STRIP = NO;
				DEBUG_INFORMATION_FORMAT = dwarf;
				ENABLE_STRICT_OBJC_MSGSEND = YES;
				ENABLE_TESTABILITY = YES;
				GCC_C_LANGUAGE_STANDARD = gnu99;
				GCC_DYNAMIC_NO_PIC = NO;
				GCC_NO_COMMON_BLOCKS = YES;
				GCC_OPTIMIZATION_LEVEL = 0;
				GCC_PREPROCESSOR_DEFINITIONS = (
					"DEBUG=1",
					"$(inherited)",
				);
				GCC_WARN_64_TO_32_BIT_CONVERSION = YES;
				GCC_WARN_ABOUT_RETURN_TYPE = YES_ERROR;
				GCC_WARN_UNDECLARED_SELECTOR = YES;
				GCC_WARN_UNINITIALIZED_AUTOS = YES_AGGRESSIVE;
				GCC_WARN_UNUSED_FUNCTION = YES;
				GCC_WARN_UNUSED_VARIABLE = YES;
				IPHONEOS_DEPLOYMENT_TARGET = 9.2;
				MTL_ENABLE_DEBUG_INFO = YES;
				ONLY_ACTIVE_ARCH = YES;
				SDKROOT = iphoneos;
			};
			name = Debug;
		};
		8FC187BF1CD046BB00717033 /* Release */ = {
			isa = XCBuildConfiguration;
			buildSettings = {
				ALWAYS_SEARCH_USER_PATHS = NO;
				CLANG_CXX_LANGUAGE_STANDARD = "gnu++0x";
				CLANG_CXX_LIBRARY = "libc++";
				CLANG_ENABLE_MODULES = YES;
				CLANG_ENABLE_OBJC_ARC = YES;
				CLANG_WARN_BOOL_CONVERSION = YES;
				CLANG_WARN_CONSTANT_CONVERSION = YES;
				CLANG_WARN_DIRECT_OBJC_ISA_USAGE = YES_ERROR;
				CLANG_WARN_EMPTY_BODY = YES;
				CLANG_WARN_ENUM_CONVERSION = YES;
				CLANG_WARN_INT_CONVERSION = YES;
				CLANG_WARN_OBJC_ROOT_CLASS = YES_ERROR;
				CLANG_WARN_UNREACHABLE_CODE = YES;
				CLANG_WARN__DUPLICATE_METHOD_MATCH = YES;
				"CODE_SIGN_IDENTITY[sdk=iphoneos*]" = "iPhone Developer";
				COPY_PHASE_STRIP = NO;
				DEBUG_INFORMATION_FORMAT = "dwarf-with-dsym";
				ENABLE_NS_ASSERTIONS = NO;
				ENABLE_STRICT_OBJC_MSGSEND = YES;
				GCC_C_LANGUAGE_STANDARD = gnu99;
				GCC_NO_COMMON_BLOCKS = YES;
				GCC_WARN_64_TO_32_BIT_CONVERSION = YES;
				GCC_WARN_ABOUT_RETURN_TYPE = YES_ERROR;
				GCC_WARN_UNDECLARED_SELECTOR = YES;
				GCC_WARN_UNINITIALIZED_AUTOS = YES_AGGRESSIVE;
				GCC_WARN_UNUSED_FUNCTION = YES;
				GCC_WARN_UNUSED_VARIABLE = YES;
				IPHONEOS_DEPLOYMENT_TARGET = 9.2;
				MTL_ENABLE_DEBUG_INFO = NO;
				SDKROOT = iphoneos;
				VALIDATE_PRODUCT = YES;
			};
			name = Release;
		};
		8FC187C11CD046BB00717033 /* Debug */ = {
			isa = XCBuildConfiguration;
			buildSettings = {
				ASSETCATALOG_COMPILER_APPICON_NAME = AppIcon;
				INFOPLIST_FILE = BulletForIOS/Info.plist;
				IPHONEOS_DEPLOYMENT_TARGET = 7.1;
				LD_RUNPATH_SEARCH_PATHS = "$(inherited) @executable_path/Frameworks";
				PRODUCT_BUNDLE_IDENTIFIER = Risun.BulletForIOS;
				PRODUCT_NAME = "$(TARGET_NAME)";
			};
			name = Debug;
		};
		8FC187C21CD046BB00717033 /* Release */ = {
			isa = XCBuildConfiguration;
			buildSettings = {
				ASSETCATALOG_COMPILER_APPICON_NAME = AppIcon;
				INFOPLIST_FILE = BulletForIOS/Info.plist;
				IPHONEOS_DEPLOYMENT_TARGET = 7.1;
				LD_RUNPATH_SEARCH_PATHS = "$(inherited) @executable_path/Frameworks";
				PRODUCT_BUNDLE_IDENTIFIER = Risun.BulletForIOS;
				PRODUCT_NAME = "$(TARGET_NAME)";
			};
			name = Release;
		};
/* End XCBuildConfiguration section */

/* Begin XCConfigurationList section */
		8FC187A41CD046BB00717033 /* Build configuration list for PBXProject "BulletForIOS" */ = {
			isa = XCConfigurationList;
			buildConfigurations = (
				8FC187BE1CD046BB00717033 /* Debug */,
				8FC187BF1CD046BB00717033 /* Release */,
			);
			defaultConfigurationIsVisible = 0;
			defaultConfigurationName = Release;
		};
		8FC187C01CD046BB00717033 /* Build configuration list for PBXNativeTarget "BulletForIOS" */ = {
			isa = XCConfigurationList;
			buildConfigurations = (
				8FC187C11CD046BB00717033 /* Debug */,
				8FC187C21CD046BB00717033 /* Release */,
			);
			defaultConfigurationIsVisible = 0;
			defaultConfigurationName = Release;
		};
/* End XCConfigurationList section */
	};
	rootObject = 8FC187A11CD046BB00717033 /* Project object */;
}
